
Microsoft Visual Studio Solution File, Format Version 12.00
# Visual Studio Version 16
VisualStudioVersion = 16.0.29920.165
MinimumVisualStudioVersion = 10.0.40219.1
Project("{FAE04EC0-301F-11D3-BF4B-00C04F79EFBC}") = "NBA-MVC-website", "NBA-MVC-website\NBA-MVC-website.csproj", "{2554BA9E-7DC1-404C-8C32-F7325373590E}"
EndProject
Global
	GlobalSection(SolutionConfigurationPlatforms) = preSolution
		Debug|Any CPU = Debug|Any CPU
		Release|Any CPU = Release|Any CPU
	EndGlobalSection
	GlobalSection(ProjectConfigurationPlatforms) = postSolution
		{2554BA9E-7DC1-404C-8C32-F7325373590E}.Debug|Any CPU.ActiveCfg = Debug|Any CPU
		{2554BA9E-7DC1-404C-8C32-F7325373590E}.Debug|Any CPU.Build.0 = Debug|Any CPU
		{2554BA9E-7DC1-404C-8C32-F7325373590E}.Release|Any CPU.ActiveCfg = Release|Any CPU
		{2554BA9E-7DC1-404C-8C32-F7325373590E}.Release|Any CPU.Build.0 = Release|Any CPU
	EndGlobalSection
	GlobalSection(SolutionProperties) = preSolution
		HideSolutionNode = FALSE
	EndGlobalSection
	GlobalSection(ExtensibilityGlobals) = postSolution
		SolutionGuid = {98608DDA-CA5E-449D-BAF4-55706F0E2B39}
	EndGlobalSection
EndGlobal
